<?xml version="1.0" encoding="utf-8"?>
<Project xmlns="http://schemas.microsoft.com/developer/msbuild/2003">
  <PropertyGroup>
    <ProjectGuid>{9534eed1-8c9a-4ec4-81c0-e4e9906cf5bf}</ProjectGuid>
    <MainSource>gku_hvoda.dpr</MainSource>
    <Configuration Condition=" '$(Configuration)' == '' ">Debug</Configuration>
    <Platform Condition=" '$(Platform)' == '' ">AnyCPU</Platform>
    <DCC_DCCCompiler>DCC32</DCC_DCCCompiler>
    <DCC_DependencyCheckOutputName>gku_hvoda.exe</DCC_DependencyCheckOutputName>
  </PropertyGroup>
  <PropertyGroup Condition=" '$(Configuration)|$(Platform)' == 'Release|AnyCPU' ">
    <Version>7.0</Version>
    <DCC_DebugInformation>False</DCC_DebugInformation>
    <DCC_LocalDebugSymbols>False</DCC_LocalDebugSymbols>
    <DCC_SymbolReferenceInfo>0</DCC_SymbolReferenceInfo>
    <DCC_UnitSearchPath>D:\WORK\DELPHI\common\dbf</DCC_UnitSearchPath>
    <DCC_ResourcePath>D:\WORK\DELPHI\common\dbf</DCC_ResourcePath>
    <DCC_ObjPath>D:\WORK\DELPHI\common\dbf</DCC_ObjPath>
    <DCC_IncludePath>D:\WORK\DELPHI\common\dbf</DCC_IncludePath>
    <DCC_Define>RELEASE</DCC_Define>
  </PropertyGroup>
  <PropertyGroup Condition=" '$(Configuration)|$(Platform)' == 'Debug|AnyCPU' ">
    <Version>7.0</Version>
    <DCC_UnitSearchPath>dbf</DCC_UnitSearchPath>
    <DCC_ResourcePath>dbf</DCC_ResourcePath>
    <DCC_ObjPath>dbf</DCC_ObjPath>
    <DCC_IncludePath>dbf</DCC_IncludePath>
    <DCC_Define>DEBUG</DCC_Define>
  </PropertyGroup>
  <ProjectExtensions>
    <Borland.Personality>Delphi.Personality</Borland.Personality>
    <Borland.ProjectType>VCLApplication</Borland.ProjectType>
    <BorlandProject>
<BorlandProject><Delphi.Personality><Parameters><Parameters Name="UseLauncher">False</Parameters><Parameters Name="LoadAllSymbols">True</Parameters><Parameters Name="LoadUnspecifiedSymbols">False</Parameters></Parameters><Language><Language Name="RootDir">C:\Program Files\Borland\Delphi7\Bin\</Language></Language><VersionInfo><VersionInfo Name="IncludeVerInfo">True</VersionInfo><VersionInfo Name="AutoIncBuild">True</VersionInfo><VersionInfo Name="MajorVer">0</VersionInfo><VersionInfo Name="MinorVer">0</VersionInfo><VersionInfo Name="Release">2</VersionInfo><VersionInfo Name="Build">41</VersionInfo><VersionInfo Name="Debug">True</VersionInfo><VersionInfo Name="PreRelease">False</VersionInfo><VersionInfo Name="Special">False</VersionInfo><VersionInfo Name="Private">False</VersionInfo><VersionInfo Name="DLL">False</VersionInfo><VersionInfo Name="Locale">1058</VersionInfo><VersionInfo Name="CodePage">1251</VersionInfo></VersionInfo><VersionInfoKeys><VersionInfoKeys Name="CompanyName"></VersionInfoKeys><VersionInfoKeys Name="FileDescription">Розрахунок х.води</VersionInfoKeys><VersionInfoKeys Name="FileVersion">0.0.2.41</VersionInfoKeys><VersionInfoKeys Name="InternalName">h_voda.exe</VersionInfoKeys><VersionInfoKeys Name="LegalCopyright"></VersionInfoKeys><VersionInfoKeys Name="LegalTrademarks"></VersionInfoKeys><VersionInfoKeys Name="OriginalFilename">h_voda.exe</VersionInfoKeys><VersionInfoKeys Name="ProductName"></VersionInfoKeys><VersionInfoKeys Name="ProductVersion">1.0.0.0</VersionInfoKeys><VersionInfoKeys Name="Comments"></VersionInfoKeys></VersionInfoKeys><Source><Source Name="MainSource">gku_hvoda.dpr</Source></Source><Excluded_Packages>
      
      
      
      
      
      
      
      
      
      
      
      
      
      
      
      
      
      
      
      
      
      
      
      
      
      
      
      
      
      
      
      
      
      
      
      
      
      
      
      
      
      
      
      
      
      
      
      
      
      
      
      
      
      
      
      
      
      
      
      
      
      
      
      
      
      
      
      
      
      
      
      
      
      
      
      
      
      
      
      
      
      
      
      
      
      
      
      
      
      
      
      
      
      
      
      
      
      
      
      
      
      
      
      
      
      
      
      
      
      
      
      
      
      
      
      
      
      
      
      
      
      
      
      
      
      
      
      
      
      
      
      
      
      
      
      
      
      
      
      
      
      
      
      
      
      
      
      
      
      
      
      
      
      
      
      
      
      
      
      
      
      
      
      
      
      
      
      
      
      
      
      
      
      
      
      
      
      
      
      
      
      
      
      
      
      
      
      
      
      
      
      
      
      
      
      
      
      
      
      
      
      
      
      
      
      
      
      
      
      
      
      
      
      
      
      
      
      
      
      
      
      
      
      
      
      
      
      
      
      
      
      
      
      
      
      
      
      
      
      
      
      
      
      
      
      
      
      
      
      
      
      
      
      
      
      
      
      
      
      
      
      
      
      
      
      
      
      
      
      
      
      
      
      
      
      
      
      
      
      
      
      
      
      
      
      
      
      
      
      
      
      
      
      
      
      
      
      
      
      
      
      
      
      
      
      
      
      
      
      
      
      
      
      
      
      
      
      
      
      
      
      
      
      
      
      
      
      
      
      
      
      
      
      
      
      
      
      
      
      
      
      
      
      
      
      
      
      
      
      
      
      
      
      
      
      
      
      
      
      
      
      
      
      
      
      
      
      
      
      
      
      
      
      
      
      
      
      
      
      
      
      
      
      
      
      
      
      
      
      
      
      
      
      
      
      
      
      
      
      
      
      
      
      
      
      
      
      
      
      
      
      
      
      
      
      
      
      
      
      
      
      
      
      
      
      
      
      
      
      
      
      
      
      
      
      
      
      
      
      
      
      
      
      
      
      
      
      
      
      
      
      
      
      
      
      
      
      
      
      
      
      
      
      
      
      
      
      
      
      
      
      
      
      
      
      
      
      
      
      
      
      
      
      
      
      
      
      
      
      
      
      
      
      
      
      
      
      
      
      
      
      
      
      
      
      
      
      
      
      
      
      
      
      
      
      
      
      
      
      
      
      
      
      
      
      
      
      
      
      
      
      
      
      
      
      
      
      
      
      
      
      
      
      
      
      
      
      
      
      
      
      
      
      
      
      
      
      
      
      
      
      
      
      
      
      
      
      
      
      
      
      
      
      
      
      
      
      
      
      
      
      
      
      
      
      
      
      
      
      
      
      
      
      
      
      
      
      
      
      
      
      
      
      
      
      
      
      
      
      
      
      
      
      
      
      
      
      
      
      
      
      
      
      
      
      
      
      
      
      
      <Excluded_Packages Name="C:\Windows\system32\dxSkinscxPCPainterD11.bpl">ExpressSkins Library Painter for PageControl by Developer Express Inc.</Excluded_Packages>
      <Excluded_Packages Name="C:\Windows\system32\dxSkinsdxLCPainterD11.bpl">ExpressSkins Library Painter for LayoutControl by Developer Express Inc.</Excluded_Packages>
      <Excluded_Packages Name="C:\Windows\system32\dxSkinscxScheduler3PainterD11.bpl">ExpressSkins Library Painter for Scheduler 3 by Developer Express Inc.</Excluded_Packages>
      <Excluded_Packages Name="C:\Windows\system32\dxSkinsdxNavBar2PainterD11.bpl">ExpressSkins Library Painter for NavBar 2 by Developer Express Inc.</Excluded_Packages>
      <Excluded_Packages Name="C:\Windows\system32\dxSkinsdxDLPainterD11.bpl">ExpressSkins Library Painter for Docking Library by Developer Express Inc.</Excluded_Packages>
      <Excluded_Packages Name="C:\Windows\system32\dxSkinsdxRibbonPainterD11.bpl">ExpressSkins Library Painter for Ribbon by Developer Express Inc.</Excluded_Packages>
      <Excluded_Packages Name="C:\Windows\system32\dxSkinsdxBarPainterD11.bpl">ExpressSkins Library Painter for Bars by Developer Express Inc.</Excluded_Packages>
      <Excluded_Packages Name="C:\Program Files\Developer Express Inc\Library\Delphi11\dcldxSkinsCoreD11.bpl">ExpressSkins Library by Developer Express Inc.</Excluded_Packages>
      <Excluded_Packages Name="C:\Program Files\Developer Express Inc\Library\Delphi11\dcldxSkinsDesignHelperD11.bpl">ExpressSkins Library Uses Clause Auto Fill Helper by Developer Express Inc.</Excluded_Packages>
      <Excluded_Packages Name="C:\Program Files\Developer Express Inc\Library\Delphi11\dcldxSkinscxPCPainterD11.bpl">ExpressSkins Library Uses Clause Auto Fill Helper for PageControl Painter by Developer Express Inc.</Excluded_Packages>
      <Excluded_Packages Name="C:\Program Files\Developer Express Inc\Library\Delphi11\dcldxSkinsdxLCPainterD11.bpl">ExpressSkins Library Uses Clause Auto Fill Helper for LayoutControl Painter by Developer Express Inc.</Excluded_Packages>
      <Excluded_Packages Name="C:\Program Files\Developer Express Inc\Library\Delphi11\dcldxSkinscxScheduler3PainterD11.bpl">ExpressSkins Library Uses Clause Auto Fill Helper for Scheduler 3 Painter by Developer Express Inc.</Excluded_Packages>
      <Excluded_Packages Name="C:\Program Files\Developer Express Inc\Library\Delphi11\dcldxSkinsdxNavBar2PainterD11.bpl">ExpressSkins Library Uses Clause Auto Fill Helper for NavBar 2 Painter by Developer Express Inc.</Excluded_Packages>
      <Excluded_Packages Name="C:\Program Files\Developer Express Inc\Library\Delphi11\dcldxSkinsdxBarsPaintersD11.bpl">ExpressSkins Library Uses Clause Auto Fill Helper for Bars Painters by Developer Express Inc.</Excluded_Packages>
      <Excluded_Packages Name="C:\Program Files\Developer Express Inc\Library\Delphi11\dxSkinBlackD11.bpl">ExpressSkins - Black Skin by Developer Express Inc.</Excluded_Packages>
      <Excluded_Packages Name="C:\Program Files\Developer Express Inc\Library\Delphi11\dxSkinBlueD11.bpl">ExpressSkins - Blue Skin by Developer Express Inc.</Excluded_Packages>
      <Excluded_Packages Name="C:\Program Files\Developer Express Inc\Library\Delphi11\dxSkinSilverD11.bpl">ExpressSkins - Silver Skin by Developer Express Inc.</Excluded_Packages>
      <Excluded_Packages Name="C:\Program Files\Developer Express Inc\Library\Delphi11\dxSkinStardustD11.bpl">ExpressSkins - Stardust Skin by Developer Express Inc.</Excluded_Packages>
      <Excluded_Packages Name="C:\Program Files\Developer Express Inc\Library\Delphi11\dxSkinValentineD11.bpl">ExpressSkins - Valentine Skin by Developer Express Inc.</Excluded_Packages>
      <Excluded_Packages Name="C:\Program Files\Developer Express Inc\Library\Delphi11\dxSkinXmas2008BlueD11.bpl">ExpressSkins - Xmas2008Blue Skin by Developer Express Inc.</Excluded_Packages>
      <Excluded_Packages Name="C:\Program Files\Developer Express Inc\Library\Delphi11\dxSkinCaramelD11.bpl">ExpressSkins - Caramel Skin by Developer Express Inc.</Excluded_Packages>
      <Excluded_Packages Name="C:\Program Files\Developer Express Inc\Library\Delphi11\dxSkinPumpkinD11.bpl">ExpressSkins - Pumpkin Skin</Excluded_Packages>
      <Excluded_Packages Name="C:\Program Files\Developer Express Inc\Library\Delphi11\dxSkinDarkSideD11.bpl">ExpressSkins - DarkSide Skin</Excluded_Packages>
      <Excluded_Packages Name="C:\Program Files\Developer Express Inc\Library\Delphi11\dxSkinCoffeeD11.bpl">ExpressSkins - Coffee Skin by Developer Express Inc.</Excluded_Packages>
      <Excluded_Packages Name="C:\Program Files\Developer Express Inc\Library\Delphi11\dxSkinGlassOceansD11.bpl">ExpressSkins - GlassOceans Skin by Developer Express Inc.</Excluded_Packages>
      <Excluded_Packages Name="C:\Program Files\Developer Express Inc\Library\Delphi11\dxSkiniMaginaryD11.bpl">ExpressSkins - iMaginary Skin by Developer Express Inc.</Excluded_Packages>
      <Excluded_Packages Name="C:\Program Files\Developer Express Inc\Library\Delphi11\dxSkinLilianD11.bpl">ExpressSkins - Lilian Skin by Developer Express Inc.</Excluded_Packages>
      <Excluded_Packages Name="C:\Program Files\Developer Express Inc\Library\Delphi11\dxSkinMcSkinD11.bpl">ExpressSkins - McSkin Skin by Developer Express Inc.</Excluded_Packages>
      <Excluded_Packages Name="C:\Program Files\Developer Express Inc\Library\Delphi11\dxSkinLiquidSkyD11.bpl">ExpressSkins - LiquidSky Skin by Developer Express Inc.</Excluded_Packages>
      <Excluded_Packages Name="C:\Program Files\Developer Express Inc\Library\Delphi11\dxSkinLondonLiquidSkyD11.bpl">ExpressSkins - LondonLiquidSky Skin by Developer Express Inc.</Excluded_Packages>
      <Excluded_Packages Name="C:\Program Files\Developer Express Inc\Library\Delphi11\dxSkinMoneyTwinsD11.bpl">ExpressSkins - MoneyTwins Skin by Developer Express Inc.</Excluded_Packages>
      <Excluded_Packages Name="C:\Program Files\Developer Express Inc\Library\Delphi11\dxSkinOffice2007BlackD11.bpl">ExpressSkins - Office2007Black Skin by Developer Express Inc.</Excluded_Packages>
      <Excluded_Packages Name="C:\Program Files\Developer Express Inc\Library\Delphi11\dxSkinOffice2007BlueD11.bpl">ExpressSkins - Office2007Blue Skin by Developer Express Inc.</Excluded_Packages>
      <Excluded_Packages Name="C:\Program Files\Developer Express Inc\Library\Delphi11\dxSkinOffice2007GreenD11.bpl">ExpressSkins - Office2007Green Skin by Developer Express Inc.</Excluded_Packages>
      <Excluded_Packages Name="C:\Program Files\Developer Express Inc\Library\Delphi11\dxSkinOffice2007PinkD11.bpl">ExpressSkins - Office2007Pink Skin by Developer Express Inc.</Excluded_Packages>
      <Excluded_Packages Name="C:\Program Files\Developer Express Inc\Library\Delphi11\dxSkinOffice2007SilverD11.bpl">ExpressSkins - Office2007Silver Skin by Developer Express Inc.</Excluded_Packages>
      <Excluded_Packages Name="C:\Program Files\Developer Express Inc\Library\Delphi11\dxSkinSummer2008D11.bpl">ExpressSkins - Summer2008 Skin</Excluded_Packages>
      <Excluded_Packages Name="$(BDS)\bin\bcboffice2k100.bpl">CodeGear C++Builder Office 2000 Servers Package</Excluded_Packages>
      <Excluded_Packages Name="$(BDS)\bin\bcbofficexp100.bpl">CodeGear C++Builder Office XP Servers Package</Excluded_Packages>
      <Excluded_Packages Name="$(BDS)\bin\dcloffice2k100.bpl">Microsoft Office 2000 Sample Automation Server Wrapper Components</Excluded_Packages>
      <Excluded_Packages Name="$(BDS)\bin\dclofficexp100.bpl">Microsoft Office XP Sample Automation Server Wrapper Components</Excluded_Packages>
      <Excluded_Packages Name="C:\Program Files\Developer Express Inc\Library\Delphi11\dclcxPivotGridOLAPD11.bpl">ExpressPivotGrid 2 OLAP by Developer Express Inc.</Excluded_Packages>
    </Excluded_Packages></Delphi.Personality></BorlandProject></BorlandProject>
  </ProjectExtensions>
  <Import Project="$(MSBuildBinPath)\Borland.Delphi.Targets" />
  <ItemGroup>
    <DelphiCompile Include="gku_hvoda.dpr">
      <MainSource>MainSource</MainSource>
    </DelphiCompile>
    <DCCReference Include="..\common\myform.pas">
      <Form>MyForm</Form>
    </DCCReference>
    <DCCReference Include="..\common\mytools.pas" />
    <DCCReference Include="addkart.pas">
      <Form>FormAddkart</Form>
    </DCCReference>
    <DCCReference Include="common\myform.pas">
      <Form>MyForm</Form>
    </DCCReference>
    <DCCReference Include="common\mytools.pas" />
    <DCCReference Include="Conn.pas">
      <Form>FormConn</Form>
    </DCCReference>
    <DCCReference Include="D:\common\myform.pas">
      <Form>MyForm</Form>
    </DCCReference>
    <DCCReference Include="D:\common\mytools.pas" />
    <DCCReference Include="D:\myform.pas">
      <Form>MyForm</Form>
    </DCCReference>
    <DCCReference Include="D:\mytools.pas" />
    <DCCReference Include="delkart.pas">
      <Form>FormDelkart</Form>
    </DCCReference>
    <DCCReference Include="edexpr.pas">
      <Form>FormEdExpr</Form>
    </DCCReference>
    <DCCReference Include="EditNormaForm.pas">
      <Form>EditNorma</Form>
    </DCCReference>
    <DCCReference Include="edplomb.pas">
      <Form>FormEdPlomb</Form>
    </DCCReference>
    <DCCReference Include="iimport.pas">
      <Form>Form4</Form>
    </DCCReference>
    <DCCReference Include="import.pas">
      <Form>Form1</Form>
    </DCCReference>
    <DCCReference Include="inpedpro.pas">
      <Form>FormInplaces</Form>
    </DCCReference>
    <DCCReference Include="itoghvd.pas">
      <Form>FormItogHvd</Form>
    </DCCReference>
    <DCCReference Include="kart.pas">
      <Form>Form2</Form>
    </DCCReference>
    <DCCReference Include="lichall.pas">
      <Form>Form3</Form>
    </DCCReference>
    <DCCReference Include="LichPlomb.pas">
      <Form>FormLichPlomb</Form>
    </DCCReference>
    <DCCReference Include="main.pas">
      <Form>MainForm</Form>
    </DCCReference>
    <DCCReference Include="mmon\myform.pas">
      <Form>MyForm</Form>
    </DCCReference>
    <DCCReference Include="mmon\mytools.pas" />
    <DCCReference Include="mon\myform.pas">
      <Form>MyForm</Form>
    </DCCReference>
    <DCCReference Include="mon\mytools.pas" />
    <DCCReference Include="myform.pas">
      <Form>MyForm</Form>
    </DCCReference>
    <DCCReference Include="mytools.pas" />
    <DCCReference Include="n\myform.pas">
      <Form>MyForm</Form>
    </DCCReference>
    <DCCReference Include="n\mytools.pas" />
    <DCCReference Include="ommon\myform.pas">
      <Form>MyForm</Form>
    </DCCReference>
    <DCCReference Include="ommon\mytools.pas" />
    <DCCReference Include="on\myform.pas">
      <Form>MyForm</Form>
    </DCCReference>
    <DCCReference Include="on\mytools.pas" />
    <DCCReference Include="progress.pas">
      <Form>FormProgress</Form>
    </DCCReference>
    <DCCReference Include="splash.pas">
      <Form>SplashForm</Form>
    </DCCReference>
    <DCCReference Include="sprzn.pas">
      <Form>SPR_ZN</Form>
    </DCCReference>
    <DCCReference Include="uLkJSON.pas" />
    <DCCReference Include="ViberPok.pas">
      <Form>FormViberPok</Form>
    </DCCReference>
    <DCCReference Include="ViberPokDmkg.pas">
      <Form>FormViberPokDmkg</Form>
    </DCCReference>
    <DCCReference Include="ViberSend.pas">
      <Form>FormViberSend</Form>
    </DCCReference>
    <DCCReference Include="ViberSendOrders.pas">
      <Form>FormViberSendOrders</Form>
    </DCCReference>
    <DCCReference Include="ViberTask.pas">
      <Form>FormViberTask</Form>
    </DCCReference>
  </ItemGroup>
</Project>